
Microsoft Visual Studio Solution File, Format Version 12.00
# Visual Studio Version 17
VisualStudioVersion = 17.9.34728.123
MinimumVisualStudioVersion = 10.0.40219.1
Project("{FAE04EC0-301F-11D3-BF4B-00C04F79EFBC}") = "C#_Assignment", "C#_Assignment.csproj", "{ACEF07C2-B403-41D3-8313-D9C31BED3ADF}"
EndProject
Global
	GlobalSection(SolutionConfigurationPlatforms) = preSolution
		Debug|Any CPU = Debug|Any CPU
		Release|Any CPU = Release|Any CPU
	EndGlobalSection
	GlobalSection(ProjectConfigurationPlatforms) = postSolution
		{ACEF07C2-B403-41D3-8313-D9C31BED3ADF}.Debug|Any CPU.ActiveCfg = Debug|Any CPU
		{ACEF07C2-B403-41D3-8313-D9C31BED3ADF}.Debug|Any CPU.Build.0 = Debug|Any CPU
		{ACEF07C2-B403-41D3-8313-D9C31BED3ADF}.Release|Any CPU.ActiveCfg = Release|Any CPU
		{ACEF07C2-B403-41D3-8313-D9C31BED3ADF}.Release|Any CPU.Build.0 = Release|Any CPU
	EndGlobalSection
	GlobalSection(SolutionProperties) = preSolution
		HideSolutionNode = FALSE
	EndGlobalSection
	GlobalSection(ExtensibilityGlobals) = postSolution
		SolutionGuid = {388751E7-077E-45FA-B1B8-A3F5AE364249}
	EndGlobalSection
EndGlobal
